
Microsoft Visual Studio Solution File, Format Version 12.00
# Visual Studio 15
Project("{FAE04EC0-301F-11D3-BF4B-00C04F79EFBC}") = "Assembly-CSharp", "Assembly-CSharp.csproj", "{F7721EAC-A320-90B5-CD75-7D1AC4C91F69}"
EndProject
Project("{FAE04EC0-301F-11D3-BF4B-00C04F79EFBC}") = "Unity.XR.Interaction.Toolkit.Samples.StarterAssets", "Unity.XR.Interaction.Toolkit.Samples.StarterAssets.csproj", "{656787C4-43C3-1615-45F8-C26B4035EE34}"
EndProject
Project("{FAE04EC0-301F-11D3-BF4B-00C04F79EFBC}") = "Unity.XR.Interaction.Toolkit.Samples.StarterAssets.Editor", "Unity.XR.Interaction.Toolkit.Samples.StarterAssets.Editor.csproj", "{40C0ABE1-1CE4-DB86-5E09-09FC2B2FFB14}"
EndProject
Project("{FAE04EC0-301F-11D3-BF4B-00C04F79EFBC}") = "Unity.XR.Interaction.Toolkit.Samples.Hands", "Unity.XR.Interaction.Toolkit.Samples.Hands.csproj", "{85D5B498-FEDF-1279-70E5-1EF43C23E860}"
EndProject
Project("{FAE04EC0-301F-11D3-BF4B-00C04F79EFBC}") = "Unity.XR.Hands.Samples.VisualizerSample", "Unity.XR.Hands.Samples.VisualizerSample.csproj", "{E18DE2E7-C701-B59B-FC65-53FFBE6D27C9}"
EndProject
Project("{FAE04EC0-301F-11D3-BF4B-00C04F79EFBC}") = "Unity.XR.Interaction.Toolkit.Samples.Hands.Editor", "Unity.XR.Interaction.Toolkit.Samples.Hands.Editor.csproj", "{760D334E-59DF-6784-B334-021A400FAC0D}"
EndProject
Project("{FAE04EC0-301F-11D3-BF4B-00C04F79EFBC}") = "Unity.XR.Interaction.Toolkit.Samples.DeviceSimulator", "Unity.XR.Interaction.Toolkit.Samples.DeviceSimulator.csproj", "{1E374185-248E-254B-4989-7CF936290B67}"
EndProject
Global
	GlobalSection(SolutionConfigurationPlatforms) = preSolution
		Debug|Any CPU = Debug|Any CPU
		Release|Any CPU = Release|Any CPU
	EndGlobalSection
	GlobalSection(ProjectConfigurationPlatforms) = postSolution
		{F7721EAC-A320-90B5-CD75-7D1AC4C91F69}.Debug|Any CPU.ActiveCfg = Debug|Any CPU
		{F7721EAC-A320-90B5-CD75-7D1AC4C91F69}.Debug|Any CPU.Build.0 = Debug|Any CPU
		{F7721EAC-A320-90B5-CD75-7D1AC4C91F69}.Release|Any CPU.ActiveCfg = Release|Any CPU
		{F7721EAC-A320-90B5-CD75-7D1AC4C91F69}.Release|Any CPU.Build.0 = Release|Any CPU
		{656787C4-43C3-1615-45F8-C26B4035EE34}.Debug|Any CPU.ActiveCfg = Debug|Any CPU
		{656787C4-43C3-1615-45F8-C26B4035EE34}.Debug|Any CPU.Build.0 = Debug|Any CPU
		{656787C4-43C3-1615-45F8-C26B4035EE34}.Release|Any CPU.ActiveCfg = Release|Any CPU
		{656787C4-43C3-1615-45F8-C26B4035EE34}.Release|Any CPU.Build.0 = Release|Any CPU
		{40C0ABE1-1CE4-DB86-5E09-09FC2B2FFB14}.Debug|Any CPU.ActiveCfg = Debug|Any CPU
		{40C0ABE1-1CE4-DB86-5E09-09FC2B2FFB14}.Debug|Any CPU.Build.0 = Debug|Any CPU
		{40C0ABE1-1CE4-DB86-5E09-09FC2B2FFB14}.Release|Any CPU.ActiveCfg = Release|Any CPU
		{40C0ABE1-1CE4-DB86-5E09-09FC2B2FFB14}.Release|Any CPU.Build.0 = Release|Any CPU
		{85D5B498-FEDF-1279-70E5-1EF43C23E860}.Debug|Any CPU.ActiveCfg = Debug|Any CPU
		{85D5B498-FEDF-1279-70E5-1EF43C23E860}.Debug|Any CPU.Build.0 = Debug|Any CPU
		{85D5B498-FEDF-1279-70E5-1EF43C23E860}.Release|Any CPU.ActiveCfg = Release|Any CPU
		{85D5B498-FEDF-1279-70E5-1EF43C23E860}.Release|Any CPU.Build.0 = Release|Any CPU
		{E18DE2E7-C701-B59B-FC65-53FFBE6D27C9}.Debug|Any CPU.ActiveCfg = Debug|Any CPU
		{E18DE2E7-C701-B59B-FC65-53FFBE6D27C9}.Debug|Any CPU.Build.0 = Debug|Any CPU
		{E18DE2E7-C701-B59B-FC65-53FFBE6D27C9}.Release|Any CPU.ActiveCfg = Release|Any CPU
		{E18DE2E7-C701-B59B-FC65-53FFBE6D27C9}.Release|Any CPU.Build.0 = Release|Any CPU
		{760D334E-59DF-6784-B334-021A400FAC0D}.Debug|Any CPU.ActiveCfg = Debug|Any CPU
		{760D334E-59DF-6784-B334-021A400FAC0D}.Debug|Any CPU.Build.0 = Debug|Any CPU
		{760D334E-59DF-6784-B334-021A400FAC0D}.Release|Any CPU.ActiveCfg = Release|Any CPU
		{760D334E-59DF-6784-B334-021A400FAC0D}.Release|Any CPU.Build.0 = Release|Any CPU
		{1E374185-248E-254B-4989-7CF936290B67}.Debug|Any CPU.ActiveCfg = Debug|Any CPU
		{1E374185-248E-254B-4989-7CF936290B67}.Debug|Any CPU.Build.0 = Debug|Any CPU
		{1E374185-248E-254B-4989-7CF936290B67}.Release|Any CPU.ActiveCfg = Release|Any CPU
		{1E374185-248E-254B-4989-7CF936290B67}.Release|Any CPU.Build.0 = Release|Any CPU
	EndGlobalSection
	GlobalSection(SolutionProperties) = preSolution
		HideSolutionNode = FALSE
	EndGlobalSection
EndGlobal
